Microsoft Visual Studio Solution File, Format Version 12.00
# Visual Studio Version 17
VisualStudioVersion = 17.14.36202.13 d17.14
MinimumVisualStudioVersion = 10.0.40219.1
Project("{FAE04EC0-301F-11D3-BF4B-00C04F79EFBC}") = "FinnStatistikk.AppHost", "FinnStatistikk.AppHost\FinnStatistikk.AppHost.csproj", "{F7154E80-9C5C-4AB4-99B5-9A75A016A954}"
EndProject
Project("{FAE04EC0-301F-11D3-BF4B-00C04F79EFBC}") = "FinnStatistikk.ServiceDefaults", "FinnStatistikk.ServiceDefaults\FinnStatistikk.ServiceDefaults.csproj", "{97AC9543-8AED-CCC4-5908-C4C83FAE7358}"
EndProject
Project("{2150E333-8FDC-42A3-9474-1A3956D46DE8}") = "Docs", "Docs", "{02EA681E-C7D8-13C7-8484-4AC65E1B71E8}"
	ProjectSection(SolutionItems) = preProject
		..\docs\FinnStatistikk-Api-specs.md = ..\docs\FinnStatistikk-Api-specs.md
		..\docs\FinnStatistikk-Backend-prompt.md = ..\docs\FinnStatistikk-Backend-prompt.md
		..\docs\FinnStatistikk-Project-Scope-Objectives.md = ..\docs\FinnStatistikk-Project-Scope-Objectives.md
	EndProjectSection
EndProject
Global
	GlobalSection(SolutionConfigurationPlatforms) = preSolution
		Debug|Any CPU = Debug|Any CPU
		Release|Any CPU = Release|Any CPU
	EndGlobalSection
	GlobalSection(ProjectConfigurationPlatforms) = postSolution
		{F7154E80-9C5C-4AB4-99B5-9A75A016A954}.Debug|Any CPU.ActiveCfg = Debug|Any CPU
		{F7154E80-9C5C-4AB4-99B5-9A75A016A954}.Debug|Any CPU.Build.0 = Debug|Any CPU
		{F7154E80-9C5C-4AB4-99B5-9A75A016A954}.Release|Any CPU.ActiveCfg = Release|Any CPU
		{F7154E80-9C5C-4AB4-99B5-9A75A016A954}.Release|Any CPU.Build.0 = Release|Any CPU
		{97AC9543-8AED-CCC4-5908-C4C83FAE7358}.Debug|Any CPU.ActiveCfg = Debug|Any CPU
		{97AC9543-8AED-CCC4-5908-C4C83FAE7358}.Debug|Any CPU.Build.0 = Debug|Any CPU
		{97AC9543-8AED-CCC4-5908-C4C83FAE7358}.Release|Any CPU.ActiveCfg = Release|Any CPU
		{97AC9543-8AED-CCC4-5908-C4C83FAE7358}.Release|Any CPU.Build.0 = Release|Any CPU
	EndGlobalSection
	GlobalSection(SolutionProperties) = preSolution
		HideSolutionNode = FALSE
	EndGlobalSection
	GlobalSection(ExtensibilityGlobals) = postSolution
		SolutionGuid = {3C7C1EC5-92D0-4032-94E0-DA8853C1C8F1}
	EndGlobalSection
EndGlobal
